// !$*UTF8*$!
{
	archiveVersion = 1;
	classes = {
	};
	objectVersion = 56;
	objects = {

/* Begin PBXBuildFile section */
		55F307BA2C0098A800CCFE6D /* xkcdViewerApp.swift in Sources */ = {isa = PBXBuildFile; fileRef = 55F307B92C0098A800CCFE6D /* xkcdViewerApp.swift */; };
		55F307BE2C0098AA00CCFE6D /* Assets.xcassets in Resources */ = {isa = PBXBuildFile; fileRef = 55F307BD2C0098AA00CCFE6D /* Assets.xcassets */; };
		55F307C12C0098AA00CCFE6D /* Preview Assets.xcassets in Resources */ = {isa = PBXBuildFile; fileRef = 55F307C02C0098AA00CCFE6D /* Preview Assets.xcassets */; };
		55F307CB2C0098AA00CCFE6D /* xkcdViewerTests.swift in Sources */ = {isa = PBXBuildFile; fileRef = 55F307CA2C0098AA00CCFE6D /* xkcdViewerTests.swift */; };
		55F307D52C0098AA00CCFE6D /* xkcdViewerUITests.swift in Sources */ = {isa = PBXBuildFile; fileRef = 55F307D42C0098AA00CCFE6D /* xkcdViewerUITests.swift */; };
		55F307D72C0098AA00CCFE6D /* xkcdViewerUITestsLaunchTests.swift in Sources */ = {isa = PBXBuildFile; fileRef = 55F307D62C0098AA00CCFE6D /* xkcdViewerUITestsLaunchTests.swift */; };
		55F307E42C00991A00CCFE6D /* ComicViewModel.swift in Sources */ = {isa = PBXBuildFile; fileRef = 55F307E32C00991A00CCFE6D /* ComicViewModel.swift */; };
		55F307E62C00997700CCFE6D /* NetworkManager.swift in Sources */ = {isa = PBXBuildFile; fileRef = 55F307E52C00997700CCFE6D /* NetworkManager.swift */; };
		55F307E82C009A5B00CCFE6D /* ComicRowView.swift in Sources */ = {isa = PBXBuildFile; fileRef = 55F307E72C009A5B00CCFE6D /* ComicRowView.swift */; };
		55F307F02C009E9F00CCFE6D /* ComicDetailView.swift in Sources */ = {isa = PBXBuildFile; fileRef = 55F307EF2C009E9F00CCFE6D /* ComicDetailView.swift */; };
		55F307F22C009F0800CCFE6D /* ComicsListView.swift in Sources */ = {isa = PBXBuildFile; fileRef = 55F307F12C009F0800CCFE6D /* ComicsListView.swift */; };
		55F307F42C009F6F00CCFE6D /* Comic.swift in Sources */ = {isa = PBXBuildFile; fileRef = 55F307F32C009F6F00CCFE6D /* Comic.swift */; };
		55F307F62C00A70200CCFE6D /* SearchBarView.swift in Sources */ = {isa = PBXBuildFile; fileRef = 55F307F52C00A70200CCFE6D /* SearchBarView.swift */; };
		55F307F82C00AD3900CCFE6D /* ColorExtantion.swift in Sources */ = {isa = PBXBuildFile; fileRef = 55F307F72C00AD3900CCFE6D /* ColorExtantion.swift */; };
		55F307FB2C00C6BC00CCFE6D /* SwiftSoup in Frameworks */ = {isa = PBXBuildFile; productRef = 55F307FA2C00C6BC00CCFE6D /* SwiftSoup */; };
/* End PBXBuildFile section */

/* Begin PBXContainerItemProxy section */
		55F307C72C0098AA00CCFE6D /* PBXContainerItemProxy */ = {
			isa = PBXContainerItemProxy;
			containerPortal = 55F307AE2C0098A800CCFE6D /* Project object */;
			proxyType = 1;
			remoteGlobalIDString = 55F307B52C0098A800CCFE6D;
			remoteInfo = xkcdViewer;
		};
		55F307D12C0098AA00CCFE6D /* PBXContainerItemProxy */ = {
			isa = PBXContainerItemProxy;
			containerPortal = 55F307AE2C0098A800CCFE6D /* Project object */;
			proxyType = 1;
			remoteGlobalIDString = 55F307B52C0098A800CCFE6D;
			remoteInfo = xkcdViewer;
		};
/* End PBXContainerItemProxy section */

/* Begin PBXFileReference section */
		55F307B62C0098A800CCFE6D /* xkcdViewer.app */ = {isa = PBXFileReference; explicitFileType = wrapper.application; includeInIndex = 0; path = xkcdViewer.app; sourceTree = BUILT_PRODUCTS_DIR; };
		55F307B92C0098A800CCFE6D /* xkcdViewerApp.swift */ = {isa = PBXFileReference; lastKnownFileType = sourcecode.swift; path = xkcdViewerApp.swift; sourceTree = "<group>"; };
		55F307BD2C0098AA00CCFE6D /* Assets.xcassets */ = {isa = PBXFileReference; lastKnownFileType = folder.assetcatalog; path = Assets.xcassets; sourceTree = "<group>"; };
		55F307C02C0098AA00CCFE6D /* Preview Assets.xcassets */ = {isa = PBXFileReference; lastKnownFileType = folder.assetcatalog; path = "Preview Assets.xcassets"; sourceTree = "<group>"; };
		55F307C62C0098AA00CCFE6D /* xkcdViewerTests.xctest */ = {isa = PBXFileReference; explicitFileType = wrapper.cfbundle; includeInIndex = 0; path = xkcdViewerTests.xctest; sourceTree = BUILT_PRODUCTS_DIR; };
		55F307CA2C0098AA00CCFE6D /* xkcdViewerTests.swift */ = {isa = PBXFileReference; lastKnownFileType = sourcecode.swift; path = xkcdViewerTests.swift; sourceTree = "<group>"; };
		55F307D02C0098AA00CCFE6D /* xkcdViewerUITests.xctest */ = {isa = PBXFileReference; explicitFileType = wrapper.cfbundle; includeInIndex = 0; path = xkcdViewerUITests.xctest; sourceTree = BUILT_PRODUCTS_DIR; };
		55F307D42C0098AA00CCFE6D /* xkcdViewerUITests.swift */ = {isa = PBXFileReference; lastKnownFileType = sourcecode.swift; path = xkcdViewerUITests.swift; sourceTree = "<group>"; };
		55F307D62C0098AA00CCFE6D /* xkcdViewerUITestsLaunchTests.swift */ = {isa = PBXFileReference; lastKnownFileType = sourcecode.swift; path = xkcdViewerUITestsLaunchTests.swift; sourceTree = "<group>"; };
		55F307E32C00991A00CCFE6D /* ComicViewModel.swift */ = {isa = PBXFileReference; lastKnownFileType = sourcecode.swift; path = ComicViewModel.swift; sourceTree = "<group>"; };
		55F307E52C00997700CCFE6D /* NetworkManager.swift */ = {isa = PBXFileReference; lastKnownFileType = sourcecode.swift; path = NetworkManager.swift; sourceTree = "<group>"; };
		55F307E72C009A5B00CCFE6D /* ComicRowView.swift */ = {isa = PBXFileReference; lastKnownFileType = sourcecode.swift; path = ComicRowView.swift; sourceTree = "<group>"; };
		55F307EF2C009E9F00CCFE6D /* ComicDetailView.swift */ = {isa = PBXFileReference; lastKnownFileType = sourcecode.swift; path = ComicDetailView.swift; sourceTree = "<group>"; };
		55F307F12C009F0800CCFE6D /* ComicsListView.swift */ = {isa = PBXFileReference; lastKnownFileType = sourcecode.swift; path = ComicsListView.swift; sourceTree = "<group>"; };
		55F307F32C009F6F00CCFE6D /* Comic.swift */ = {isa = PBXFileReference; lastKnownFileType = sourcecode.swift; path = Comic.swift; sourceTree = "<group>"; };
		55F307F52C00A70200CCFE6D /* SearchBarView.swift */ = {isa = PBXFileReference; lastKnownFileType = sourcecode.swift; path = SearchBarView.swift; sourceTree = "<group>"; };
		55F307F72C00AD3900CCFE6D /* ColorExtantion.swift */ = {isa = PBXFileReference; lastKnownFileType = sourcecode.swift; path = ColorExtantion.swift; sourceTree = "<group>"; };
/* End PBXFileReference section */

/* Begin PBXFrameworksBuildPhase section */
		55F307B32C0098A800CCFE6D /* Frameworks */ = {
			isa = PBXFrameworksBuildPhase;
			buildActionMask = 2147483647;
			files = (
				55F307FB2C00C6BC00CCFE6D /* SwiftSoup in Frameworks */,
			);
			runOnlyForDeploymentPostprocessing = 0;
		};
		55F307C32C0098AA00CCFE6D /* Frameworks */ = {
			isa = PBXFrameworksBuildPhase;
			buildActionMask = 2147483647;
			files = (
			);
			runOnlyForDeploymentPostprocessing = 0;
		};
		55F307CD2C0098AA00CCFE6D /* Frameworks */ = {
			isa = PBXFrameworksBuildPhase;
			buildActionMask = 2147483647;
			files = (
			);
			runOnlyForDeploymentPostprocessing = 0;
		};
/* End PBXFrameworksBuildPhase section */

/* Begin PBXGroup section */
		55F307AD2C0098A800CCFE6D = {
			isa = PBXGroup;
			children = (
				55F307B82C0098A800CCFE6D /* xkcdViewer */,
				55F307C92C0098AA00CCFE6D /* xkcdViewerTests */,
				55F307D32C0098AA00CCFE6D /* xkcdViewerUITests */,
				55F307B72C0098A800CCFE6D /* Products */,
			);
			sourceTree = "<group>";
		};
		55F307B72C0098A800CCFE6D /* Products */ = {
			isa = PBXGroup;
			children = (
				55F307B62C0098A800CCFE6D /* xkcdViewer.app */,
				55F307C62C0098AA00CCFE6D /* xkcdViewerTests.xctest */,
				55F307D02C0098AA00CCFE6D /* xkcdViewerUITests.xctest */,
			);
			name = Products;
			sourceTree = "<group>";
		};
		55F307B82C0098A800CCFE6D /* xkcdViewer */ = {
			isa = PBXGroup;
			children = (
				55F307B92C0098A800CCFE6D /* xkcdViewerApp.swift */,
				55F307E92C009B6000CCFE6D /* Models */,
				55F307EB2C009B7900CCFE6D /* ViewModels */,
				55F307EC2C009B8200CCFE6D /* Networking */,
				55F307EA2C009B7100CCFE6D /* Views */,
				55F307ED2C009B8A00CCFE6D /* Utilities */,
				55F307BF2C0098AA00CCFE6D /* Preview Content */,
			);
			path = xkcdViewer;
			sourceTree = "<group>";
		};
		55F307BF2C0098AA00CCFE6D /* Preview Content */ = {
			isa = PBXGroup;
			children = (
				55F307BD2C0098AA00CCFE6D /* Assets.xcassets */,
				55F307C02C0098AA00CCFE6D /* Preview Assets.xcassets */,
			);
			path = "Preview Content";
			sourceTree = "<group>";
		};
		55F307C92C0098AA00CCFE6D /* xkcdViewerTests */ = {
			isa = PBXGroup;
			children = (
				55F307CA2C0098AA00CCFE6D /* xkcdViewerTests.swift */,
			);
			path = xkcdViewerTests;
			sourceTree = "<group>";
		};
		55F307D32C0098AA00CCFE6D /* xkcdViewerUITests */ = {
			isa = PBXGroup;
			children = (
				55F307D42C0098AA00CCFE6D /* xkcdViewerUITests.swift */,
				55F307D62C0098AA00CCFE6D /* xkcdViewerUITestsLaunchTests.swift */,
			);
			path = xkcdViewerUITests;
			sourceTree = "<group>";
		};
		55F307E92C009B6000CCFE6D /* Models */ = {
			isa = PBXGroup;
			children = (
				55F307F32C009F6F00CCFE6D /* Comic.swift */,
			);
			path = Models;
			sourceTree = "<group>";
		};
		55F307EA2C009B7100CCFE6D /* Views */ = {
			isa = PBXGroup;
			children = (
				55F307EF2C009E9F00CCFE6D /* ComicDetailView.swift */,
				55F307E72C009A5B00CCFE6D /* ComicRowView.swift */,
				55F307F12C009F0800CCFE6D /* ComicsListView.swift */,
				55F307F52C00A70200CCFE6D /* SearchBarView.swift */,
			);
			path = Views;
			sourceTree = "<group>";
		};
		55F307EB2C009B7900CCFE6D /* ViewModels */ = {
			isa = PBXGroup;
			children = (
				55F307E32C00991A00CCFE6D /* ComicViewModel.swift */,
			);
			path = ViewModels;
			sourceTree = "<group>";
		};
		55F307EC2C009B8200CCFE6D /* Networking */ = {
			isa = PBXGroup;
			children = (
				55F307E52C00997700CCFE6D /* NetworkManager.swift */,
			);
			path = Networking;
			sourceTree = "<group>";
		};
		55F307ED2C009B8A00CCFE6D /* Utilities */ = {
			isa = PBXGroup;
			children = (
				55F307F72C00AD3900CCFE6D /* ColorExtantion.swift */,
			);
			path = Utilities;
			sourceTree = "<group>";
		};
/* End PBXGroup section */

/* Begin PBXNativeTarget section */
		55F307B52C0098A800CCFE6D /* xkcdViewer */ = {
			isa = PBXNativeTarget;
			buildConfigurationList = 55F307DA2C0098AA00CCFE6D /* Build configuration list for PBXNativeTarget "xkcdViewer" */;
			buildPhases = (
				55F307B22C0098A800CCFE6D /* Sources */,
				55F307B32C0098A800CCFE6D /* Frameworks */,
				55F307B42C0098A800CCFE6D /* Resources */,
			);
			buildRules = (
			);
			dependencies = (
			);
			name = xkcdViewer;
			packageProductDependencies = (
				55F307FA2C00C6BC00CCFE6D /* SwiftSoup */,
			);
			productName = xkcdViewer;
			productReference = 55F307B62C0098A800CCFE6D /* xkcdViewer.app */;
			productType = "com.apple.product-type.application";
		};
		55F307C52C0098AA00CCFE6D /* xkcdViewerTests */ = {
			isa = PBXNativeTarget;
			buildConfigurationList = 55F307DD2C0098AA00CCFE6D /* Build configuration list for PBXNativeTarget "xkcdViewerTests" */;
			buildPhases = (
				55F307C22C0098AA00CCFE6D /* Sources */,
				55F307C32C0098AA00CCFE6D /* Frameworks */,
				55F307C42C0098AA00CCFE6D /* Resources */,
			);
			buildRules = (
			);
			dependencies = (
				55F307C82C0098AA00CCFE6D /* PBXTargetDependency */,
			);
			name = xkcdViewerTests;
			productName = xkcdViewerTests;
			productReference = 55F307C62C0098AA00CCFE6D /* xkcdViewerTests.xctest */;
			productType = "com.apple.product-type.bundle.unit-test";
		};
		55F307CF2C0098AA00CCFE6D /* xkcdViewerUITests */ = {
			isa = PBXNativeTarget;
			buildConfigurationList = 55F307E02C0098AA00CCFE6D /* Build configuration list for PBXNativeTarget "xkcdViewerUITests" */;
			buildPhases = (
				55F307CC2C0098AA00CCFE6D /* Sources */,
				55F307CD2C0098AA00CCFE6D /* Frameworks */,
				55F307CE2C0098AA00CCFE6D /* Resources */,
			);
			buildRules = (
			);
			dependencies = (
				55F307D22C0098AA00CCFE6D /* PBXTargetDependency */,
			);
			name = xkcdViewerUITests;
			productName = xkcdViewerUITests;
			productReference = 55F307D02C0098AA00CCFE6D /* xkcdViewerUITests.xctest */;
			productType = "com.apple.product-type.bundle.ui-testing";
		};
/* End PBXNativeTarget section */

/* Begin PBXProject section */
		55F307AE2C0098A800CCFE6D /* Project object */ = {
			isa = PBXProject;
			attributes = {
				BuildIndependentTargetsInParallel = 1;
				LastSwiftUpdateCheck = 1540;
				LastUpgradeCheck = 1540;
				TargetAttributes = {
					55F307B52C0098A800CCFE6D = {
						CreatedOnToolsVersion = 15.4;
					};
					55F307C52C0098AA00CCFE6D = {
						CreatedOnToolsVersion = 15.4;
						TestTargetID = 55F307B52C0098A800CCFE6D;
					};
					55F307CF2C0098AA00CCFE6D = {
						CreatedOnToolsVersion = 15.4;
						TestTargetID = 55F307B52C0098A800CCFE6D;
					};
				};
			};
			buildConfigurationList = 55F307B12C0098A800CCFE6D /* Build configuration list for PBXProject "xkcdViewer" */;
			compatibilityVersion = "Xcode 14.0";
			developmentRegion = en;
			hasScannedForEncodings = 0;
			knownRegions = (
				en,
				Base,
			);
			mainGroup = 55F307AD2C0098A800CCFE6D;
			packageReferences = (
				55F307F92C00C64F00CCFE6D /* XCRemoteSwiftPackageReference "SwiftSoup" */,
			);
			productRefGroup = 55F307B72C0098A800CCFE6D /* Products */;
			projectDirPath = "";
			projectRoot = "";
			targets = (
				55F307B52C0098A800CCFE6D /* xkcdViewer */,
				55F307C52C0098AA00CCFE6D /* xkcdViewerTests */,
				55F307CF2C0098AA00CCFE6D /* xkcdViewerUITests */,
			);
		};
/* End PBXProject section */

/* Begin PBXResourcesBuildPhase section */
		55F307B42C0098A800CCFE6D /* Resources */ = {
			isa = PBXResourcesBuildPhase;
			buildActionMask = 2147483647;
			files = (
				55F307C12C0098AA00CCFE6D /* Preview Assets.xcassets in Resources */,
				55F307BE2C0098AA00CCFE6D /* Assets.xcassets in Resources */,
			);
			runOnlyForDeploymentPostprocessing = 0;
		};
		55F307C42C0098AA00CCFE6D /* Resources */ = {
			isa = PBXResourcesBuildPhase;
			buildActionMask = 2147483647;
			files = (
			);
			runOnlyForDeploymentPostprocessing = 0;
		};
		55F307CE2C0098AA00CCFE6D /* Resources */ = {
			isa = PBXResourcesBuildPhase;
			buildActionMask = 2147483647;
			files = (
			);
			runOnlyForDeploymentPostprocessing = 0;
		};
/* End PBXResourcesBuildPhase section */

/* Begin PBXSourcesBuildPhase section */
		55F307B22C0098A800CCFE6D /* Sources */ = {
			isa = PBXSourcesBuildPhase;
			buildActionMask = 2147483647;
			files = (
				55F307F02C009E9F00CCFE6D /* ComicDetailView.swift in Sources */,
				55F307F62C00A70200CCFE6D /* SearchBarView.swift in Sources */,
				55F307F42C009F6F00CCFE6D /* Comic.swift in Sources */,
				55F307E62C00997700CCFE6D /* NetworkManager.swift in Sources */,
				55F307F82C00AD3900CCFE6D /* ColorExtantion.swift in Sources */,
				55F307E82C009A5B00CCFE6D /* ComicRowView.swift in Sources */,
				55F307E42C00991A00CCFE6D /* ComicViewModel.swift in Sources */,
				55F307BA2C0098A800CCFE6D /* xkcdViewerApp.swift in Sources */,
				55F307F22C009F0800CCFE6D /* ComicsListView.swift in Sources */,
			);
			runOnlyForDeploymentPostprocessing = 0;
		};
		55F307C22C0098AA00CCFE6D /* Sources */ = {
			isa = PBXSourcesBuildPhase;
			buildActionMask = 2147483647;
			files = (
				55F307CB2C0098AA00CCFE6D /* xkcdViewerTests.swift in Sources */,
			);
			runOnlyForDeploymentPostprocessing = 0;
		};
		55F307CC2C0098AA00CCFE6D /* Sources */ = {
			isa = PBXSourcesBuildPhase;
			buildActionMask = 2147483647;
			files = (
				55F307D72C0098AA00CCFE6D /* xkcdViewerUITestsLaunchTests.swift in Sources */,
				55F307D52C0098AA00CCFE6D /* xkcdViewerUITests.swift in Sources */,
			);
			runOnlyForDeploymentPostprocessing = 0;
		};
/* End PBXSourcesBuildPhase section */

/* Begin PBXTargetDependency section */
		55F307C82C0098AA00CCFE6D /* PBXTargetDependency */ = {
			isa = PBXTargetDependency;
			target = 55F307B52C0098A800CCFE6D /* xkcdViewer */;
			targetProxy = 55F307C72C0098AA00CCFE6D /* PBXContainerItemProxy */;
		};
		55F307D22C0098AA00CCFE6D /* PBXTargetDependency */ = {
			isa = PBXTargetDependency;
			target = 55F307B52C0098A800CCFE6D /* xkcdViewer */;
			targetProxy = 55F307D12C0098AA00CCFE6D /* PBXContainerItemProxy */;
		};
/* End PBXTargetDependency section */

/* Begin XCBuildConfiguration section */
		55F307D82C0098AA00CCFE6D /* Debug */ = {
			isa = XCBuildConfiguration;
			buildSettings = {
				ALWAYS_SEARCH_USER_PATHS = NO;
				ASSETCATALOG_COMPILER_GENERATE_SWIFT_ASSET_SYMBOL_EXTENSIONS = YES;
				CLANG_ANALYZER_NONNULL = YES;
				CLANG_ANALYZER_NUMBER_OBJECT_CONVERSION = YES_AGGRESSIVE;
				CLANG_CXX_LANGUAGE_STANDARD = "gnu++20";
				CLANG_ENABLE_MODULES = YES;
				CLANG_ENABLE_OBJC_ARC = YES;
				CLANG_ENABLE_OBJC_WEAK = YES;
				CLANG_WARN_BLOCK_CAPTURE_AUTORELEASING = YES;
				CLANG_WARN_BOOL_CONVERSION = YES;
				CLANG_WARN_COMMA = YES;
				CLANG_WARN_CONSTANT_CONVERSION = YES;
				CLANG_WARN_DEPRECATED_OBJC_IMPLEMENTATIONS = YES;
				CLANG_WARN_DIRECT_OBJC_ISA_USAGE = YES_ERROR;
				CLANG_WARN_DOCUMENTATION_COMMENTS = YES;
				CLANG_WARN_EMPTY_BODY = YES;
				CLANG_WARN_ENUM_CONVERSION = YES;
				CLANG_WARN_INFINITE_RECURSION = YES;
				CLANG_WARN_INT_CONVERSION = YES;
				CLANG_WARN_NON_LITERAL_NULL_CONVERSION = YES;
				CLANG_WARN_OBJC_IMPLICIT_RETAIN_SELF = YES;
				CLANG_WARN_OBJC_LITERAL_CONVERSION = YES;
				CLANG_WARN_OBJC_ROOT_CLASS = YES_ERROR;
				CLANG_WARN_QUOTED_INCLUDE_IN_FRAMEWORK_HEADER = YES;
				CLANG_WARN_RANGE_LOOP_ANALYSIS = YES;
				CLANG_WARN_STRICT_PROTOTYPES = YES;
				CLANG_WARN_SUSPICIOUS_MOVE = YES;
				CLANG_WARN_UNGUARDED_AVAILABILITY = YES_AGGRESSIVE;
				CLANG_WARN_UNREACHABLE_CODE = YES;
				CLANG_WARN__DUPLICATE_METHOD_MATCH = YES;
				COPY_PHASE_STRIP = NO;
				DEBUG_INFORMATION_FORMAT = dwarf;
				ENABLE_STRICT_OBJC_MSGSEND = YES;
				ENABLE_TESTABILITY = YES;
				ENABLE_USER_SCRIPT_SANDBOXING = YES;
				GCC_C_LANGUAGE_STANDARD = gnu17;
				GCC_DYNAMIC_NO_PIC = NO;
				GCC_NO_COMMON_BLOCKS = YES;
				GCC_OPTIMIZATION_LEVEL = 0;
				GCC_PREPROCESSOR_DEFINITIONS = (
					"DEBUG=1",
					"$(inherited)",
				);
				GCC_WARN_64_TO_32_BIT_CONVERSION = YES;
				GCC_WARN_ABOUT_RETURN_TYPE = YES_ERROR;
				GCC_WARN_UNDECLARED_SELECTOR = YES;
				GCC_WARN_UNINITIALIZED_AUTOS = YES_AGGRESSIVE;
				GCC_WARN_UNUSED_FUNCTION = YES;
				GCC_WARN_UNUSED_VARIABLE = YES;
				IPHONEOS_DEPLOYMENT_TARGET = 17.5;
				LOCALIZATION_PREFERS_STRING_CATALOGS = YES;
				MTL_ENABLE_DEBUG_INFO = INCLUDE_SOURCE;
				MTL_FAST_MATH = YES;
				ONLY_ACTIVE_ARCH = YES;
				SDKROOT = iphoneos;
				SWIFT_ACTIVE_COMPILATION_CONDITIONS = "DEBUG $(inherited)";
				SWIFT_OPTIMIZATION_LEVEL = "-Onone";
			};
			name = Debug;
		};
		55F307D92C0098AA00CCFE6D /* Release */ = {
			isa = XCBuildConfiguration;
			buildSettings = {
				ALWAYS_SEARCH_USER_PATHS = NO;
				ASSETCATALOG_COMPILER_GENERATE_SWIFT_ASSET_SYMBOL_EXTENSIONS = YES;
				CLANG_ANALYZER_NONNULL = YES;
				CLANG_ANALYZER_NUMBER_OBJECT_CONVERSION = YES_AGGRESSIVE;
				CLANG_CXX_LANGUAGE_STANDARD = "gnu++20";
				CLANG_ENABLE_MODULES = YES;
				CLANG_ENABLE_OBJC_ARC = YES;
				CLANG_ENABLE_OBJC_WEAK = YES;
				CLANG_WARN_BLOCK_CAPTURE_AUTORELEASING = YES;
				CLANG_WARN_BOOL_CONVERSION = YES;
				CLANG_WARN_COMMA = YES;
				CLANG_WARN_CONSTANT_CONVERSION = YES;
				CLANG_WARN_DEPRECATED_OBJC_IMPLEMENTATIONS = YES;
				CLANG_WARN_DIRECT_OBJC_ISA_USAGE = YES_ERROR;
				CLANG_WARN_DOCUMENTATION_COMMENTS = YES;
				CLANG_WARN_EMPTY_BODY = YES;
				CLANG_WARN_ENUM_CONVERSION = YES;
				CLANG_WARN_INFINITE_RECURSION = YES;
				CLANG_WARN_INT_CONVERSION = YES;
				CLANG_WARN_NON_LITERAL_NULL_CONVERSION = YES;
				CLANG_WARN_OBJC_IMPLICIT_RETAIN_SELF = YES;
				CLANG_WARN_OBJC_LITERAL_CONVERSION = YES;
				CLANG_WARN_OBJC_ROOT_CLASS = YES_ERROR;
				CLANG_WARN_QUOTED_INCLUDE_IN_FRAMEWORK_HEADER = YES;
				CLANG_WARN_RANGE_LOOP_ANALYSIS = YES;
				CLANG_WARN_STRICT_PROTOTYPES = YES;
				CLANG_WARN_SUSPICIOUS_MOVE = YES;
				CLANG_WARN_UNGUARDED_AVAILABILITY = YES_AGGRESSIVE;
				CLANG_WARN_UNREACHABLE_CODE = YES;
				CLANG_WARN__DUPLICATE_METHOD_MATCH = YES;
				COPY_PHASE_STRIP = NO;
				DEBUG_INFORMATION_FORMAT = "dwarf-with-dsym";
				ENABLE_NS_ASSERTIONS = NO;
				ENABLE_STRICT_OBJC_MSGSEND = YES;
				ENABLE_USER_SCRIPT_SANDBOXING = YES;
				GCC_C_LANGUAGE_STANDARD = gnu17;
				GCC_NO_COMMON_BLOCKS = YES;
				GCC_WARN_64_TO_32_BIT_CONVERSION = YES;
				GCC_WARN_ABOUT_RETURN_TYPE = YES_ERROR;
				GCC_WARN_UNDECLARED_SELECTOR = YES;
				GCC_WARN_UNINITIALIZED_AUTOS = YES_AGGRESSIVE;
				GCC_WARN_UNUSED_FUNCTION = YES;
				GCC_WARN_UNUSED_VARIABLE = YES;
				IPHONEOS_DEPLOYMENT_TARGET = 17.5;
				LOCALIZATION_PREFERS_STRING_CATALOGS = YES;
				MTL_ENABLE_DEBUG_INFO = NO;
				MTL_FAST_MATH = YES;
				SDKROOT = iphoneos;
				SWIFT_COMPILATION_MODE = wholemodule;
				VALIDATE_PRODUCT = YES;
			};
			name = Release;
		};
		55F307DB2C0098AA00CCFE6D /* Debug */ = {
			isa = XCBuildConfiguration;
			buildSettings = {
				ASSETCATALOG_COMPILER_APPICON_NAME = AppIcon;
				ASSETCATALOG_COMPILER_GLOBAL_ACCENT_COLOR_NAME = AccentColor;
				CODE_SIGN_STYLE = Automatic;
				CURRENT_PROJECT_VERSION = 1;
				DEVELOPMENT_ASSET_PATHS = "\"xkcdViewer/Preview Content\"";
				DEVELOPMENT_TEAM = D5KAPKZ36N;
				ENABLE_PREVIEWS = YES;
				GENERATE_INFOPLIST_FILE = YES;
				INFOPLIST_KEY_UIApplicationSceneManifest_Generation = YES;
				INFOPLIST_KEY_UIApplicationSupportsIndirectInputEvents = YES;
				INFOPLIST_KEY_UILaunchScreen_Generation = YES;
				INFOPLIST_KEY_UISupportedInterfaceOrientations_iPad = "UIInterfaceOrientationPortrait UIInterfaceOrientationPortraitUpsideDown UIInterfaceOrientationLandscapeLeft UIInterfaceOrientationLandscapeRight";
				INFOPLIST_KEY_UISupportedInterfaceOrientations_iPhone = "UIInterfaceOrientationPortrait UIInterfaceOrientationLandscapeLeft UIInterfaceOrientationLandscapeRight";
				LD_RUNPATH_SEARCH_PATHS = (
					"$(inherited)",
					"@executable_path/Frameworks",
				);
				MARKETING_VERSION = 1.0;
				PRODUCT_BUNDLE_IDENTIFIER = app.xkcdViewer;
				PRODUCT_NAME = "$(TARGET_NAME)";
				SWIFT_EMIT_LOC_STRINGS = YES;
				SWIFT_VERSION = 5.0;
				TARGETED_DEVICE_FAMILY = "1,2";
			};
			name = Debug;
		};
		55F307DC2C0098AA00CCFE6D /* Release */ = {
			isa = XCBuildConfiguration;
			buildSettings = {
				ASSETCATALOG_COMPILER_APPICON_NAME = AppIcon;
				ASSETCATALOG_COMPILER_GLOBAL_ACCENT_COLOR_NAME = AccentColor;
				CODE_SIGN_STYLE = Automatic;
				CURRENT_PROJECT_VERSION = 1;
				DEVELOPMENT_ASSET_PATHS = "\"xkcdViewer/Preview Content\"";
				DEVELOPMENT_TEAM = D5KAPKZ36N;
				ENABLE_PREVIEWS = YES;
				GENERATE_INFOPLIST_FILE = YES;
				INFOPLIST_KEY_UIApplicationSceneManifest_Generation = YES;
				INFOPLIST_KEY_UIApplicationSupportsIndirectInputEvents = YES;
				INFOPLIST_KEY_UILaunchScreen_Generation = YES;
				INFOPLIST_KEY_UISupportedInterfaceOrientations_iPad = "UIInterfaceOrientationPortrait UIInterfaceOrientationPortraitUpsideDown UIInterfaceOrientationLandscapeLeft UIInterfaceOrientationLandscapeRight";
				INFOPLIST_KEY_UISupportedInterfaceOrientations_iPhone = "UIInterfaceOrientationPortrait UIInterfaceOrientationLandscapeLeft UIInterfaceOrientationLandscapeRight";
				LD_RUNPATH_SEARCH_PATHS = (
					"$(inherited)",
					"@executable_path/Frameworks",
				);
				MARKETING_VERSION = 1.0;
				PRODUCT_BUNDLE_IDENTIFIER = app.xkcdViewer;
				PRODUCT_NAME = "$(TARGET_NAME)";
				SWIFT_EMIT_LOC_STRINGS = YES;
				SWIFT_VERSION = 5.0;
				TARGETED_DEVICE_FAMILY = "1,2";
			};
			name = Release;
		};
		55F307DE2C0098AA00CCFE6D /* Debug */ = {
			isa = XCBuildConfiguration;
			buildSettings = {
				ALWAYS_EMBED_SWIFT_STANDARD_LIBRARIES = YES;
				BUNDLE_LOADER = "$(TEST_HOST)";
				CODE_SIGN_STYLE = Automatic;
				CURRENT_PROJECT_VERSION = 1;
				DEVELOPMENT_TEAM = D5KAPKZ36N;
				GENERATE_INFOPLIST_FILE = YES;
				IPHONEOS_DEPLOYMENT_TARGET = 17.5;
				MARKETING_VERSION = 1.0;
				PRODUCT_BUNDLE_IDENTIFIER = app.xkcdViewerTests;
				PRODUCT_NAME = "$(TARGET_NAME)";
				SWIFT_EMIT_LOC_STRINGS = NO;
				SWIFT_VERSION = 5.0;
				TARGETED_DEVICE_FAMILY = "1,2";
				TEST_HOST = "$(BUILT_PRODUCTS_DIR)/xkcdViewer.app/$(BUNDLE_EXECUTABLE_FOLDER_PATH)/xkcdViewer";
			};
			name = Debug;
		};
		55F307DF2C0098AA00CCFE6D /* Release */ = {
			isa = XCBuildConfiguration;
			buildSettings = {
				ALWAYS_EMBED_SWIFT_STANDARD_LIBRARIES = YES;
				BUNDLE_LOADER = "$(TEST_HOST)";
				CODE_SIGN_STYLE = Automatic;
				CURRENT_PROJECT_VERSION = 1;
				DEVELOPMENT_TEAM = D5KAPKZ36N;
				GENERATE_INFOPLIST_FILE = YES;
				IPHONEOS_DEPLOYMENT_TARGET = 17.5;
				MARKETING_VERSION = 1.0;
				PRODUCT_BUNDLE_IDENTIFIER = app.xkcdViewerTests;
				PRODUCT_NAME = "$(TARGET_NAME)";
				SWIFT_EMIT_LOC_STRINGS = NO;
				SWIFT_VERSION = 5.0;
				TARGETED_DEVICE_FAMILY = "1,2";
				TEST_HOST = "$(BUILT_PRODUCTS_DIR)/xkcdViewer.app/$(BUNDLE_EXECUTABLE_FOLDER_PATH)/xkcdViewer";
			};
			name = Release;
		};
		55F307E12C0098AA00CCFE6D /* Debug */ = {
			isa = XCBuildConfiguration;
			buildSettings = {
				ALWAYS_EMBED_SWIFT_STANDARD_LIBRARIES = YES;
				CODE_SIGN_STYLE = Automatic;
				CURRENT_PROJECT_VERSION = 1;
				DEVELOPMENT_TEAM = D5KAPKZ36N;
				GENERATE_INFOPLIST_FILE = YES;
				MARKETING_VERSION = 1.0;
				PRODUCT_BUNDLE_IDENTIFIER = app.xkcdViewerUITests;
				PRODUCT_NAME = "$(TARGET_NAME)";
				SWIFT_EMIT_LOC_STRINGS = NO;
				SWIFT_VERSION = 5.0;
				TARGETED_DEVICE_FAMILY = "1,2";
				TEST_TARGET_NAME = xkcdViewer;
			};
			name = Debug;
		};
		55F307E22C0098AA00CCFE6D /* Release */ = {
			isa = XCBuildConfiguration;
			buildSettings = {
				ALWAYS_EMBED_SWIFT_STANDARD_LIBRARIES = YES;
				CODE_SIGN_STYLE = Automatic;
				CURRENT_PROJECT_VERSION = 1;
				DEVELOPMENT_TEAM = D5KAPKZ36N;
				GENERATE_INFOPLIST_FILE = YES;
				MARKETING_VERSION = 1.0;
				PRODUCT_BUNDLE_IDENTIFIER = app.xkcdViewerUITests;
				PRODUCT_NAME = "$(TARGET_NAME)";
				SWIFT_EMIT_LOC_STRINGS = NO;
				SWIFT_VERSION = 5.0;
				TARGETED_DEVICE_FAMILY = "1,2";
				TEST_TARGET_NAME = xkcdViewer;
			};
			name = Release;
		};
/* End XCBuildConfiguration section */

/* Begin XCConfigurationList section */
		55F307B12C0098A800CCFE6D /* Build configuration list for PBXProject "xkcdViewer" */ = {
			isa = XCConfigurationList;
			buildConfigurations = (
				55F307D82C0098AA00CCFE6D /* Debug */,
				55F307D92C0098AA00CCFE6D /* Release */,
			);
			defaultConfigurationIsVisible = 0;
			defaultConfigurationName = Release;
		};
		55F307DA2C0098AA00CCFE6D /* Build configuration list for PBXNativeTarget "xkcdViewer" */ = {
			isa = XCConfigurationList;
			buildConfigurations = (
				55F307DB2C0098AA00CCFE6D /* Debug */,
				55F307DC2C0098AA00CCFE6D /* Release */,
			);
			defaultConfigurationIsVisible = 0;
			defaultConfigurationName = Release;
		};
		55F307DD2C0098AA00CCFE6D /* Build configuration list for PBXNativeTarget "xkcdViewerTests" */ = {
			isa = XCConfigurationList;
			buildConfigurations = (
				55F307DE2C0098AA00CCFE6D /* Debug */,
				55F307DF2C0098AA00CCFE6D /* Release */,
			);
			defaultConfigurationIsVisible = 0;
			defaultConfigurationName = Release;
		};
		55F307E02C0098AA00CCFE6D /* Build configuration list for PBXNativeTarget "xkcdViewerUITests" */ = {
			isa = XCConfigurationList;
			buildConfigurations = (
				55F307E12C0098AA00CCFE6D /* Debug */,
				55F307E22C0098AA00CCFE6D /* Release */,
			);
			defaultConfigurationIsVisible = 0;
			defaultConfigurationName = Release;
		};
/* End XCConfigurationList section */

/* Begin XCRemoteSwiftPackageReference section */
		55F307F92C00C64F00CCFE6D /* XCRemoteSwiftPackageReference "SwiftSoup" */ = {
			isa = XCRemoteSwiftPackageReference;
			repositoryURL = "https://github.com/scinfu/SwiftSoup";
			requirement = {
				kind = upToNextMajorVersion;
				minimumVersion = 2.7.2;
			};
		};
/* End XCRemoteSwiftPackageReference section */

/* Begin XCSwiftPackageProductDependency section */
		55F307FA2C00C6BC00CCFE6D /* SwiftSoup */ = {
			isa = XCSwiftPackageProductDependency;
			package = 55F307F92C00C64F00CCFE6D /* XCRemoteSwiftPackageReference "SwiftSoup" */;
			productName = SwiftSoup;
		};
/* End XCSwiftPackageProductDependency section */
	};
	rootObject = 55F307AE2C0098A800CCFE6D /* Project object */;
}
